
Microsoft Visual Studio Solution File, Format Version 12.00
# Visual Studio 15
VisualStudioVersion = 15.0.28307.1321
MinimumVisualStudioVersion = 10.0.40219.1
Project("{FAE04EC0-301F-11D3-BF4B-00C04F79EFBC}") = "001-我们的第一个Csharp程序", "001-我们的第一个Csharp程序\001-我们的第一个Csharp程序.csproj", "{43762004-75D8-4210-A17A-D4273DCBB55C}"
EndProject
Project("{FAE04EC0-301F-11D3-BF4B-00C04F79EFBC}") = "002变量", "002变量\002变量.csproj", "{2390DE31-154E-42D5-AB1C-08A0DFF66EEE}"
EndProject
Project("{FAE04EC0-301F-11D3-BF4B-00C04F79EFBC}") = "003变量的类型", "003变量的类型\003变量的类型.csproj", "{7C8B4D32-BB1E-4F11-870F-812C6A1E2BC2}"
EndProject
Project("{FAE04EC0-301F-11D3-BF4B-00C04F79EFBC}") = "004练习定义主角的变量", "004练习定义主角的变量\004练习定义主角的变量.csproj", "{D3287E6F-2B50-4B75-9D34-6D937E1F8087}"
EndProject
Project("{FAE04EC0-301F-11D3-BF4B-00C04F79EFBC}") = "005在字符串的前面加上@字符", "005在字符串的前面加上@字符\005在字符串的前面加上@字符.csproj", "{48B6620B-C332-4DAE-A3CB-1167DF20D1B9}"
EndProject
Project("{FAE04EC0-301F-11D3-BF4B-00C04F79EFBC}") = "006变量的声明与赋值", "006变量的声明与赋值\006变量的声明与赋值.csproj", "{0502CE38-093B-40D8-93CD-5D467F473456}"
EndProject
Project("{FAE04EC0-301F-11D3-BF4B-00C04F79EFBC}") = "007数学运算符", "007数学运算符\007数学运算符.csproj", "{428A1E1D-DE95-4EBC-B1CD-CE252A803D24}"
EndProject
Project("{FAE04EC0-301F-11D3-BF4B-00C04F79EFBC}") = "008数学运算符自加自减", "008数学运算符自加自减\008数学运算符自加自减.csproj", "{9CE20A13-5A8B-4B56-AD37-362025BDF95D}"
EndProject
Project("{FAE04EC0-301F-11D3-BF4B-00C04F79EFBC}") = "009从键盘上入去输入的字符串", "009从键盘上入去输入的字符串\009从键盘上入去输入的字符串.csproj", "{E65ADF9D-4BB7-43FE-BBDA-7880836FDE43}"
EndProject
Project("{FAE04EC0-301F-11D3-BF4B-00C04F79EFBC}") = "010接收输入显示和", "010接收输入显示和\010接收输入显示和.csproj", "{2EB2DF1F-5CFF-400A-A68E-36D253DE88F0}"
EndProject
Project("{FAE04EC0-301F-11D3-BF4B-00C04F79EFBC}") = "011赋值运算符", "011赋值运算符\011赋值运算符.csproj", "{0ECBC4F2-835E-4D53-A3FD-1F546DF8AEB8}"
EndProject
Project("{FAE04EC0-301F-11D3-BF4B-00C04F79EFBC}") = "012运算符的优先级", "012运算符的优先级\012运算符的优先级.csproj", "{1BEC6A4B-D7D8-48CD-9276-26A8F647EB41}"
EndProject
Project("{FAE04EC0-301F-11D3-BF4B-00C04F79EFBC}") = "013练习一二", "013练习一二\013练习一二.csproj", "{40EA53E2-159F-4278-91DB-78C30502D978}"
EndProject
Project("{FAE04EC0-301F-11D3-BF4B-00C04F79EFBC}") = "014练习三四", "014练习三四\014练习三四.csproj", "{44FFAE71-ECFD-43B8-9ED0-46ED0CD2BDA6}"
EndProject
Project("{FAE04EC0-301F-11D3-BF4B-00C04F79EFBC}") = "015练习五六", "015练习五六\015练习五六.csproj", "{AB551845-D479-4B82-88E5-ABCD1CC122E4}"
EndProject
Project("{FAE04EC0-301F-11D3-BF4B-00C04F79EFBC}") = "016布尔运算", "016布尔运算\016布尔运算.csproj", "{D0DDC32C-E6E0-4ED8-90CF-67BF1EA4669A}"
EndProject
Project("{FAE04EC0-301F-11D3-BF4B-00C04F79EFBC}") = "017布尔运算符", "017布尔运算符\017布尔运算符.csproj", "{FDE4D219-F304-4293-9929-50E58039B072}"
EndProject
Project("{FAE04EC0-301F-11D3-BF4B-00C04F79EFBC}") = "018条件布尔运算符", "018条件布尔运算符\018条件布尔运算符.csproj", "{9A7816E8-8165-4CFC-8F3E-48629DD91683}"
EndProject
Project("{FAE04EC0-301F-11D3-BF4B-00C04F79EFBC}") = "019关于goto语句", "019关于goto语句\019关于goto语句.csproj", "{0233CD3E-799B-4523-A928-C861F76A813A}"
EndProject
Project("{FAE04EC0-301F-11D3-BF4B-00C04F79EFBC}") = "020if语句", "020if语句\020if语句.csproj", "{F9943D04-B11A-4ED9-AF46-223902A0ACED}"
EndProject
Project("{FAE04EC0-301F-11D3-BF4B-00C04F79EFBC}") = "021三元运算符", "021三元运算符\021三元运算符.csproj", "{F34004FA-CCEA-4C8C-B045-0ABBFFD57819}"
EndProject
Project("{FAE04EC0-301F-11D3-BF4B-00C04F79EFBC}") = "022使用if else if语句做多条件判断", "022使用if else if语句做多条件判断\022使用if else if语句做多条件判断.csproj", "{70563332-4718-4834-8B9F-989D2B86EC13}"
EndProject
Project("{FAE04EC0-301F-11D3-BF4B-00C04F79EFBC}") = "023switch语句", "023switch语句\023switch语句.csproj", "{12F507D6-5F20-4844-87A3-0375286CAB04}"
EndProject
Project("{FAE04EC0-301F-11D3-BF4B-00C04F79EFBC}") = "024while循环", "024while循环\024while循环.csproj", "{181D1D09-30B9-42C6-A6CC-416611C3A55B}"
EndProject
Project("{FAE04EC0-301F-11D3-BF4B-00C04F79EFBC}") = "025dowhile循环", "025dowhile循环\025dowhile循环.csproj", "{FC035D2D-E343-43DB-8426-43C8B47512DC}"
EndProject
Project("{FAE04EC0-301F-11D3-BF4B-00C04F79EFBC}") = "026for循环", "026for循环\026for循环.csproj", "{09DD178D-EFC5-4C4D-87A6-E83594FC1D39}"
EndProject
Project("{FAE04EC0-301F-11D3-BF4B-00C04F79EFBC}") = "027循环的终止break", "027循环的终止break\027循环的终止break.csproj", "{DB05223F-9ACD-431C-8D61-5EBE49218F70}"
EndProject
Project("{FAE04EC0-301F-11D3-BF4B-00C04F79EFBC}") = "028continue", "028continue\028continue.csproj", "{70243D40-A030-41F9-92C8-1183847991EA}"
EndProject
Project("{FAE04EC0-301F-11D3-BF4B-00C04F79EFBC}") = "029goto和return跳出循环", "029goto和return跳出循环\029goto和return跳出循环.csproj", "{3E865A0E-B6E3-4B17-8C81-741669227F3E}"
EndProject
Project("{FAE04EC0-301F-11D3-BF4B-00C04F79EFBC}") = "030练习1和2", "030练习1和2\030练习1和2.csproj", "{E071890C-1323-4B51-B83A-2781DB8961B1}"
EndProject
Project("{FAE04EC0-301F-11D3-BF4B-00C04F79EFBC}") = "031练习3和练习4", "031练习3和练习4\031练习3和练习4.csproj", "{C82079B3-8212-47D6-AB63-B363E2398591}"
EndProject
Project("{FAE04EC0-301F-11D3-BF4B-00C04F79EFBC}") = "032练习6和练习7", "032练习6和练习7\032练习6和练习7.csproj", "{DE653591-A0A9-48CF-B557-42F1C6B2F501}"
EndProject
Project("{FAE04EC0-301F-11D3-BF4B-00C04F79EFBC}") = "033练习8和练习9", "033练习8和练习9\033练习8和练习9.csproj", "{E89E3033-0679-4A3B-9250-CD0A8CDFD390}"
EndProject
Project("{FAE04EC0-301F-11D3-BF4B-00C04F79EFBC}") = "034练习10和练习11", "034练习10和练习11\034练习10和练习11.csproj", "{71133FFB-9C0A-4003-AE4C-EA026D233C7E}"
EndProject
Project("{FAE04EC0-301F-11D3-BF4B-00C04F79EFBC}") = "035练习12和练习13", "035练习12和练习13\035练习12和练习13.csproj", "{6718F4C4-9127-4713-A5E9-D31D5A183525}"
EndProject
Project("{FAE04EC0-301F-11D3-BF4B-00C04F79EFBC}") = "036显式转换和隐式转换", "036显式转换和隐式转换\036显式转换和隐式转换.csproj", "{46592327-411E-4095-9D12-6845C22DA28C}"
EndProject
Project("{FAE04EC0-301F-11D3-BF4B-00C04F79EFBC}") = "037枚举类型", "037枚举类型\037枚举类型.csproj", "{4277BE54-901D-46D9-BE0A-0D734A2461D9}"
EndProject
Project("{FAE04EC0-301F-11D3-BF4B-00C04F79EFBC}") = "038结构体", "038结构体\038结构体.csproj", "{214DA963-5EA9-44F9-8AE0-D18FFC409A32}"
EndProject
Project("{FAE04EC0-301F-11D3-BF4B-00C04F79EFBC}") = "039数组", "039数组\039数组.csproj", "{6D081267-7864-45CE-9555-76DDEA6663BD}"
EndProject
Project("{FAE04EC0-301F-11D3-BF4B-00C04F79EFBC}") = "040数组的遍历", "040数组的遍历\040数组的遍历.csproj", "{DCA2D9CF-BD86-414F-9727-6CA935D8207B}"
EndProject
Project("{FAE04EC0-301F-11D3-BF4B-00C04F79EFBC}") = "041字符串处理", "041字符串处理\041字符串处理.csproj", "{D522A453-C0CD-4379-9D65-36FAB9422AC9}"
EndProject
Project("{FAE04EC0-301F-11D3-BF4B-00C04F79EFBC}") = "042练习1练习2", "042练习1练习2\042练习1练习2.csproj", "{3899E8E8-C1C0-4FA3-9081-E93EA47253A9}"
EndProject
Global
	GlobalSection(SolutionConfigurationPlatforms) = preSolution
		Debug|Any CPU = Debug|Any CPU
		Release|Any CPU = Release|Any CPU
	EndGlobalSection
	GlobalSection(ProjectConfigurationPlatforms) = postSolution
		{43762004-75D8-4210-A17A-D4273DCBB55C}.Debug|Any CPU.ActiveCfg = Debug|Any CPU
		{43762004-75D8-4210-A17A-D4273DCBB55C}.Debug|Any CPU.Build.0 = Debug|Any CPU
		{43762004-75D8-4210-A17A-D4273DCBB55C}.Release|Any CPU.ActiveCfg = Release|Any CPU
		{43762004-75D8-4210-A17A-D4273DCBB55C}.Release|Any CPU.Build.0 = Release|Any CPU
		{2390DE31-154E-42D5-AB1C-08A0DFF66EEE}.Debug|Any CPU.ActiveCfg = Debug|Any CPU
		{2390DE31-154E-42D5-AB1C-08A0DFF66EEE}.Debug|Any CPU.Build.0 = Debug|Any CPU
		{2390DE31-154E-42D5-AB1C-08A0DFF66EEE}.Release|Any CPU.ActiveCfg = Release|Any CPU
		{2390DE31-154E-42D5-AB1C-08A0DFF66EEE}.Release|Any CPU.Build.0 = Release|Any CPU
		{7C8B4D32-BB1E-4F11-870F-812C6A1E2BC2}.Debug|Any CPU.ActiveCfg = Debug|Any CPU
		{7C8B4D32-BB1E-4F11-870F-812C6A1E2BC2}.Debug|Any CPU.Build.0 = Debug|Any CPU
		{7C8B4D32-BB1E-4F11-870F-812C6A1E2BC2}.Release|Any CPU.ActiveCfg = Release|Any CPU
		{7C8B4D32-BB1E-4F11-870F-812C6A1E2BC2}.Release|Any CPU.Build.0 = Release|Any CPU
		{D3287E6F-2B50-4B75-9D34-6D937E1F8087}.Debug|Any CPU.ActiveCfg = Debug|Any CPU
		{D3287E6F-2B50-4B75-9D34-6D937E1F8087}.Debug|Any CPU.Build.0 = Debug|Any CPU
		{D3287E6F-2B50-4B75-9D34-6D937E1F8087}.Release|Any CPU.ActiveCfg = Release|Any CPU
		{D3287E6F-2B50-4B75-9D34-6D937E1F8087}.Release|Any CPU.Build.0 = Release|Any CPU
		{48B6620B-C332-4DAE-A3CB-1167DF20D1B9}.Debug|Any CPU.ActiveCfg = Debug|Any CPU
		{48B6620B-C332-4DAE-A3CB-1167DF20D1B9}.Debug|Any CPU.Build.0 = Debug|Any CPU
		{48B6620B-C332-4DAE-A3CB-1167DF20D1B9}.Release|Any CPU.ActiveCfg = Release|Any CPU
		{48B6620B-C332-4DAE-A3CB-1167DF20D1B9}.Release|Any CPU.Build.0 = Release|Any CPU
		{0502CE38-093B-40D8-93CD-5D467F473456}.Debug|Any CPU.ActiveCfg = Debug|Any CPU
		{0502CE38-093B-40D8-93CD-5D467F473456}.Debug|Any CPU.Build.0 = Debug|Any CPU
		{0502CE38-093B-40D8-93CD-5D467F473456}.Release|Any CPU.ActiveCfg = Release|Any CPU
		{0502CE38-093B-40D8-93CD-5D467F473456}.Release|Any CPU.Build.0 = Release|Any CPU
		{428A1E1D-DE95-4EBC-B1CD-CE252A803D24}.Debug|Any CPU.ActiveCfg = Debug|Any CPU
		{428A1E1D-DE95-4EBC-B1CD-CE252A803D24}.Debug|Any CPU.Build.0 = Debug|Any CPU
		{428A1E1D-DE95-4EBC-B1CD-CE252A803D24}.Release|Any CPU.ActiveCfg = Release|Any CPU
		{428A1E1D-DE95-4EBC-B1CD-CE252A803D24}.Release|Any CPU.Build.0 = Release|Any CPU
		{9CE20A13-5A8B-4B56-AD37-362025BDF95D}.Debug|Any CPU.ActiveCfg = Debug|Any CPU
		{9CE20A13-5A8B-4B56-AD37-362025BDF95D}.Debug|Any CPU.Build.0 = Debug|Any CPU
		{9CE20A13-5A8B-4B56-AD37-362025BDF95D}.Release|Any CPU.ActiveCfg = Release|Any CPU
		{9CE20A13-5A8B-4B56-AD37-362025BDF95D}.Release|Any CPU.Build.0 = Release|Any CPU
		{E65ADF9D-4BB7-43FE-BBDA-7880836FDE43}.Debug|Any CPU.ActiveCfg = Debug|Any CPU
		{E65ADF9D-4BB7-43FE-BBDA-7880836FDE43}.Debug|Any CPU.Build.0 = Debug|Any CPU
		{E65ADF9D-4BB7-43FE-BBDA-7880836FDE43}.Release|Any CPU.ActiveCfg = Release|Any CPU
		{E65ADF9D-4BB7-43FE-BBDA-7880836FDE43}.Release|Any CPU.Build.0 = Release|Any CPU
		{2EB2DF1F-5CFF-400A-A68E-36D253DE88F0}.Debug|Any CPU.ActiveCfg = Debug|Any CPU
		{2EB2DF1F-5CFF-400A-A68E-36D253DE88F0}.Debug|Any CPU.Build.0 = Debug|Any CPU
		{2EB2DF1F-5CFF-400A-A68E-36D253DE88F0}.Release|Any CPU.ActiveCfg = Release|Any CPU
		{2EB2DF1F-5CFF-400A-A68E-36D253DE88F0}.Release|Any CPU.Build.0 = Release|Any CPU
		{0ECBC4F2-835E-4D53-A3FD-1F546DF8AEB8}.Debug|Any CPU.ActiveCfg = Debug|Any CPU
		{0ECBC4F2-835E-4D53-A3FD-1F546DF8AEB8}.Debug|Any CPU.Build.0 = Debug|Any CPU
		{0ECBC4F2-835E-4D53-A3FD-1F546DF8AEB8}.Release|Any CPU.ActiveCfg = Release|Any CPU
		{0ECBC4F2-835E-4D53-A3FD-1F546DF8AEB8}.Release|Any CPU.Build.0 = Release|Any CPU
		{1BEC6A4B-D7D8-48CD-9276-26A8F647EB41}.Debug|Any CPU.ActiveCfg = Debug|Any CPU
		{1BEC6A4B-D7D8-48CD-9276-26A8F647EB41}.Debug|Any CPU.Build.0 = Debug|Any CPU
		{1BEC6A4B-D7D8-48CD-9276-26A8F647EB41}.Release|Any CPU.ActiveCfg = Release|Any CPU
		{1BEC6A4B-D7D8-48CD-9276-26A8F647EB41}.Release|Any CPU.Build.0 = Release|Any CPU
		{40EA53E2-159F-4278-91DB-78C30502D978}.Debug|Any CPU.ActiveCfg = Debug|Any CPU
		{40EA53E2-159F-4278-91DB-78C30502D978}.Debug|Any CPU.Build.0 = Debug|Any CPU
		{40EA53E2-159F-4278-91DB-78C30502D978}.Release|Any CPU.ActiveCfg = Release|Any CPU
		{40EA53E2-159F-4278-91DB-78C30502D978}.Release|Any CPU.Build.0 = Release|Any CPU
		{44FFAE71-ECFD-43B8-9ED0-46ED0CD2BDA6}.Debug|Any CPU.ActiveCfg = Debug|Any CPU
		{44FFAE71-ECFD-43B8-9ED0-46ED0CD2BDA6}.Debug|Any CPU.Build.0 = Debug|Any CPU
		{44FFAE71-ECFD-43B8-9ED0-46ED0CD2BDA6}.Release|Any CPU.ActiveCfg = Release|Any CPU
		{44FFAE71-ECFD-43B8-9ED0-46ED0CD2BDA6}.Release|Any CPU.Build.0 = Release|Any CPU
		{AB551845-D479-4B82-88E5-ABCD1CC122E4}.Debug|Any CPU.ActiveCfg = Debug|Any CPU
		{AB551845-D479-4B82-88E5-ABCD1CC122E4}.Debug|Any CPU.Build.0 = Debug|Any CPU
		{AB551845-D479-4B82-88E5-ABCD1CC122E4}.Release|Any CPU.ActiveCfg = Release|Any CPU
		{AB551845-D479-4B82-88E5-ABCD1CC122E4}.Release|Any CPU.Build.0 = Release|Any CPU
		{D0DDC32C-E6E0-4ED8-90CF-67BF1EA4669A}.Debug|Any CPU.ActiveCfg = Debug|Any CPU
		{D0DDC32C-E6E0-4ED8-90CF-67BF1EA4669A}.Debug|Any CPU.Build.0 = Debug|Any CPU
		{D0DDC32C-E6E0-4ED8-90CF-67BF1EA4669A}.Release|Any CPU.ActiveCfg = Release|Any CPU
		{D0DDC32C-E6E0-4ED8-90CF-67BF1EA4669A}.Release|Any CPU.Build.0 = Release|Any CPU
		{FDE4D219-F304-4293-9929-50E58039B072}.Debug|Any CPU.ActiveCfg = Debug|Any CPU
		{FDE4D219-F304-4293-9929-50E58039B072}.Debug|Any CPU.Build.0 = Debug|Any CPU
		{FDE4D219-F304-4293-9929-50E58039B072}.Release|Any CPU.ActiveCfg = Release|Any CPU
		{FDE4D219-F304-4293-9929-50E58039B072}.Release|Any CPU.Build.0 = Release|Any CPU
		{9A7816E8-8165-4CFC-8F3E-48629DD91683}.Debug|Any CPU.ActiveCfg = Debug|Any CPU
		{9A7816E8-8165-4CFC-8F3E-48629DD91683}.Debug|Any CPU.Build.0 = Debug|Any CPU
		{9A7816E8-8165-4CFC-8F3E-48629DD91683}.Release|Any CPU.ActiveCfg = Release|Any CPU
		{9A7816E8-8165-4CFC-8F3E-48629DD91683}.Release|Any CPU.Build.0 = Release|Any CPU
		{0233CD3E-799B-4523-A928-C861F76A813A}.Debug|Any CPU.ActiveCfg = Debug|Any CPU
		{0233CD3E-799B-4523-A928-C861F76A813A}.Debug|Any CPU.Build.0 = Debug|Any CPU
		{0233CD3E-799B-4523-A928-C861F76A813A}.Release|Any CPU.ActiveCfg = Release|Any CPU
		{0233CD3E-799B-4523-A928-C861F76A813A}.Release|Any CPU.Build.0 = Release|Any CPU
		{F9943D04-B11A-4ED9-AF46-223902A0ACED}.Debug|Any CPU.ActiveCfg = Debug|Any CPU
		{F9943D04-B11A-4ED9-AF46-223902A0ACED}.Debug|Any CPU.Build.0 = Debug|Any CPU
		{F9943D04-B11A-4ED9-AF46-223902A0ACED}.Release|Any CPU.ActiveCfg = Release|Any CPU
		{F9943D04-B11A-4ED9-AF46-223902A0ACED}.Release|Any CPU.Build.0 = Release|Any CPU
		{F34004FA-CCEA-4C8C-B045-0ABBFFD57819}.Debug|Any CPU.ActiveCfg = Debug|Any CPU
		{F34004FA-CCEA-4C8C-B045-0ABBFFD57819}.Debug|Any CPU.Build.0 = Debug|Any CPU
		{F34004FA-CCEA-4C8C-B045-0ABBFFD57819}.Release|Any CPU.ActiveCfg = Release|Any CPU
		{F34004FA-CCEA-4C8C-B045-0ABBFFD57819}.Release|Any CPU.Build.0 = Release|Any CPU
		{70563332-4718-4834-8B9F-989D2B86EC13}.Debug|Any CPU.ActiveCfg = Debug|Any CPU
		{70563332-4718-4834-8B9F-989D2B86EC13}.Debug|Any CPU.Build.0 = Debug|Any CPU
		{70563332-4718-4834-8B9F-989D2B86EC13}.Release|Any CPU.ActiveCfg = Release|Any CPU
		{70563332-4718-4834-8B9F-989D2B86EC13}.Release|Any CPU.Build.0 = Release|Any CPU
		{12F507D6-5F20-4844-87A3-0375286CAB04}.Debug|Any CPU.ActiveCfg = Debug|Any CPU
		{12F507D6-5F20-4844-87A3-0375286CAB04}.Debug|Any CPU.Build.0 = Debug|Any CPU
		{12F507D6-5F20-4844-87A3-0375286CAB04}.Release|Any CPU.ActiveCfg = Release|Any CPU
		{12F507D6-5F20-4844-87A3-0375286CAB04}.Release|Any CPU.Build.0 = Release|Any CPU
		{181D1D09-30B9-42C6-A6CC-416611C3A55B}.Debug|Any CPU.ActiveCfg = Debug|Any CPU
		{181D1D09-30B9-42C6-A6CC-416611C3A55B}.Debug|Any CPU.Build.0 = Debug|Any CPU
		{181D1D09-30B9-42C6-A6CC-416611C3A55B}.Release|Any CPU.ActiveCfg = Release|Any CPU
		{181D1D09-30B9-42C6-A6CC-416611C3A55B}.Release|Any CPU.Build.0 = Release|Any CPU
		{FC035D2D-E343-43DB-8426-43C8B47512DC}.Debug|Any CPU.ActiveCfg = Debug|Any CPU
		{FC035D2D-E343-43DB-8426-43C8B47512DC}.Debug|Any CPU.Build.0 = Debug|Any CPU
		{FC035D2D-E343-43DB-8426-43C8B47512DC}.Release|Any CPU.ActiveCfg = Release|Any CPU
		{FC035D2D-E343-43DB-8426-43C8B47512DC}.Release|Any CPU.Build.0 = Release|Any CPU
		{09DD178D-EFC5-4C4D-87A6-E83594FC1D39}.Debug|Any CPU.ActiveCfg = Debug|Any CPU
		{09DD178D-EFC5-4C4D-87A6-E83594FC1D39}.Debug|Any CPU.Build.0 = Debug|Any CPU
		{09DD178D-EFC5-4C4D-87A6-E83594FC1D39}.Release|Any CPU.ActiveCfg = Release|Any CPU
		{09DD178D-EFC5-4C4D-87A6-E83594FC1D39}.Release|Any CPU.Build.0 = Release|Any CPU
		{DB05223F-9ACD-431C-8D61-5EBE49218F70}.Debug|Any CPU.ActiveCfg = Debug|Any CPU
		{DB05223F-9ACD-431C-8D61-5EBE49218F70}.Debug|Any CPU.Build.0 = Debug|Any CPU
		{DB05223F-9ACD-431C-8D61-5EBE49218F70}.Release|Any CPU.ActiveCfg = Release|Any CPU
		{DB05223F-9ACD-431C-8D61-5EBE49218F70}.Release|Any CPU.Build.0 = Release|Any CPU
		{70243D40-A030-41F9-92C8-1183847991EA}.Debug|Any CPU.ActiveCfg = Debug|Any CPU
		{70243D40-A030-41F9-92C8-1183847991EA}.Debug|Any CPU.Build.0 = Debug|Any CPU
		{70243D40-A030-41F9-92C8-1183847991EA}.Release|Any CPU.ActiveCfg = Release|Any CPU
		{70243D40-A030-41F9-92C8-1183847991EA}.Release|Any CPU.Build.0 = Release|Any CPU
		{3E865A0E-B6E3-4B17-8C81-741669227F3E}.Debug|Any CPU.ActiveCfg = Debug|Any CPU
		{3E865A0E-B6E3-4B17-8C81-741669227F3E}.Debug|Any CPU.Build.0 = Debug|Any CPU
		{3E865A0E-B6E3-4B17-8C81-741669227F3E}.Release|Any CPU.ActiveCfg = Release|Any CPU
		{3E865A0E-B6E3-4B17-8C81-741669227F3E}.Release|Any CPU.Build.0 = Release|Any CPU
		{E071890C-1323-4B51-B83A-2781DB8961B1}.Debug|Any CPU.ActiveCfg = Debug|Any CPU
		{E071890C-1323-4B51-B83A-2781DB8961B1}.Debug|Any CPU.Build.0 = Debug|Any CPU
		{E071890C-1323-4B51-B83A-2781DB8961B1}.Release|Any CPU.ActiveCfg = Release|Any CPU
		{E071890C-1323-4B51-B83A-2781DB8961B1}.Release|Any CPU.Build.0 = Release|Any CPU
		{C82079B3-8212-47D6-AB63-B363E2398591}.Debug|Any CPU.ActiveCfg = Debug|Any CPU
		{C82079B3-8212-47D6-AB63-B363E2398591}.Debug|Any CPU.Build.0 = Debug|Any CPU
		{C82079B3-8212-47D6-AB63-B363E2398591}.Release|Any CPU.ActiveCfg = Release|Any CPU
		{C82079B3-8212-47D6-AB63-B363E2398591}.Release|Any CPU.Build.0 = Release|Any CPU
		{DE653591-A0A9-48CF-B557-42F1C6B2F501}.Debug|Any CPU.ActiveCfg = Debug|Any CPU
		{DE653591-A0A9-48CF-B557-42F1C6B2F501}.Debug|Any CPU.Build.0 = Debug|Any CPU
		{DE653591-A0A9-48CF-B557-42F1C6B2F501}.Release|Any CPU.ActiveCfg = Release|Any CPU
		{DE653591-A0A9-48CF-B557-42F1C6B2F501}.Release|Any CPU.Build.0 = Release|Any CPU
		{E89E3033-0679-4A3B-9250-CD0A8CDFD390}.Debug|Any CPU.ActiveCfg = Debug|Any CPU
		{E89E3033-0679-4A3B-9250-CD0A8CDFD390}.Debug|Any CPU.Build.0 = Debug|Any CPU
		{E89E3033-0679-4A3B-9250-CD0A8CDFD390}.Release|Any CPU.ActiveCfg = Release|Any CPU
		{E89E3033-0679-4A3B-9250-CD0A8CDFD390}.Release|Any CPU.Build.0 = Release|Any CPU
		{71133FFB-9C0A-4003-AE4C-EA026D233C7E}.Debug|Any CPU.ActiveCfg = Debug|Any CPU
		{71133FFB-9C0A-4003-AE4C-EA026D233C7E}.Debug|Any CPU.Build.0 = Debug|Any CPU
		{71133FFB-9C0A-4003-AE4C-EA026D233C7E}.Release|Any CPU.ActiveCfg = Release|Any CPU
		{71133FFB-9C0A-4003-AE4C-EA026D233C7E}.Release|Any CPU.Build.0 = Release|Any CPU
		{6718F4C4-9127-4713-A5E9-D31D5A183525}.Debug|Any CPU.ActiveCfg = Debug|Any CPU
		{6718F4C4-9127-4713-A5E9-D31D5A183525}.Debug|Any CPU.Build.0 = Debug|Any CPU
		{6718F4C4-9127-4713-A5E9-D31D5A183525}.Release|Any CPU.ActiveCfg = Release|Any CPU
		{6718F4C4-9127-4713-A5E9-D31D5A183525}.Release|Any CPU.Build.0 = Release|Any CPU
		{46592327-411E-4095-9D12-6845C22DA28C}.Debug|Any CPU.ActiveCfg = Debug|Any CPU
		{46592327-411E-4095-9D12-6845C22DA28C}.Debug|Any CPU.Build.0 = Debug|Any CPU
		{46592327-411E-4095-9D12-6845C22DA28C}.Release|Any CPU.ActiveCfg = Release|Any CPU
		{46592327-411E-4095-9D12-6845C22DA28C}.Release|Any CPU.Build.0 = Release|Any CPU
		{4277BE54-901D-46D9-BE0A-0D734A2461D9}.Debug|Any CPU.ActiveCfg = Debug|Any CPU
		{4277BE54-901D-46D9-BE0A-0D734A2461D9}.Debug|Any CPU.Build.0 = Debug|Any CPU
		{4277BE54-901D-46D9-BE0A-0D734A2461D9}.Release|Any CPU.ActiveCfg = Release|Any CPU
		{4277BE54-901D-46D9-BE0A-0D734A2461D9}.Release|Any CPU.Build.0 = Release|Any CPU
		{214DA963-5EA9-44F9-8AE0-D18FFC409A32}.Debug|Any CPU.ActiveCfg = Debug|Any CPU
		{214DA963-5EA9-44F9-8AE0-D18FFC409A32}.Debug|Any CPU.Build.0 = Debug|Any CPU
		{214DA963-5EA9-44F9-8AE0-D18FFC409A32}.Release|Any CPU.ActiveCfg = Release|Any CPU
		{214DA963-5EA9-44F9-8AE0-D18FFC409A32}.Release|Any CPU.Build.0 = Release|Any CPU
		{6D081267-7864-45CE-9555-76DDEA6663BD}.Debug|Any CPU.ActiveCfg = Debug|Any CPU
		{6D081267-7864-45CE-9555-76DDEA6663BD}.Debug|Any CPU.Build.0 = Debug|Any CPU
		{6D081267-7864-45CE-9555-76DDEA6663BD}.Release|Any CPU.ActiveCfg = Release|Any CPU
		{6D081267-7864-45CE-9555-76DDEA6663BD}.Release|Any CPU.Build.0 = Release|Any CPU
		{DCA2D9CF-BD86-414F-9727-6CA935D8207B}.Debug|Any CPU.ActiveCfg = Debug|Any CPU
		{DCA2D9CF-BD86-414F-9727-6CA935D8207B}.Debug|Any CPU.Build.0 = Debug|Any CPU
		{DCA2D9CF-BD86-414F-9727-6CA935D8207B}.Release|Any CPU.ActiveCfg = Release|Any CPU
		{DCA2D9CF-BD86-414F-9727-6CA935D8207B}.Release|Any CPU.Build.0 = Release|Any CPU
		{D522A453-C0CD-4379-9D65-36FAB9422AC9}.Debug|Any CPU.ActiveCfg = Debug|Any CPU
		{D522A453-C0CD-4379-9D65-36FAB9422AC9}.Debug|Any CPU.Build.0 = Debug|Any CPU
		{D522A453-C0CD-4379-9D65-36FAB9422AC9}.Release|Any CPU.ActiveCfg = Release|Any CPU
		{D522A453-C0CD-4379-9D65-36FAB9422AC9}.Release|Any CPU.Build.0 = Release|Any CPU
		{3899E8E8-C1C0-4FA3-9081-E93EA47253A9}.Debug|Any CPU.ActiveCfg = Debug|Any CPU
		{3899E8E8-C1C0-4FA3-9081-E93EA47253A9}.Debug|Any CPU.Build.0 = Debug|Any CPU
		{3899E8E8-C1C0-4FA3-9081-E93EA47253A9}.Release|Any CPU.ActiveCfg = Release|Any CPU
		{3899E8E8-C1C0-4FA3-9081-E93EA47253A9}.Release|Any CPU.Build.0 = Release|Any CPU
	EndGlobalSection
	GlobalSection(SolutionProperties) = preSolution
		HideSolutionNode = FALSE
	EndGlobalSection
	GlobalSection(ExtensibilityGlobals) = postSolution
		SolutionGuid = {AABA2ABB-8412-455B-AC14-959D839C1757}
	EndGlobalSection
EndGlobal
